
Microsoft Visual Studio Solution File, Format Version 12.00
# Visual Studio Version 17
VisualStudioVersion = 17.9.34902.65
MinimumVisualStudioVersion = 10.0.40219.1
Project("{FAE04EC0-301F-11D3-BF4B-00C04F79EFBC}") = "DrawLines", "DrawLines\DrawLines.csproj", "{3BE08B97-F1F1-4DAF-8D5F-250D8C890BBC}"
EndProject
Global
	GlobalSection(SolutionConfigurationPlatforms) = preSolution
		Debug|Any CPU = Debug|Any CPU
		Release|Any CPU = Release|Any CPU
	EndGlobalSection
	GlobalSection(ProjectConfigurationPlatforms) = postSolution
		{3BE08B97-F1F1-4DAF-8D5F-250D8C890BBC}.Debug|Any CPU.ActiveCfg = Debug|Any CPU
		{3BE08B97-F1F1-4DAF-8D5F-250D8C890BBC}.Debug|Any CPU.Build.0 = Debug|Any CPU
		{3BE08B97-F1F1-4DAF-8D5F-250D8C890BBC}.Release|Any CPU.ActiveCfg = Release|Any CPU
		{3BE08B97-F1F1-4DAF-8D5F-250D8C890BBC}.Release|Any CPU.Build.0 = Release|Any CPU
	EndGlobalSection
	GlobalSection(SolutionProperties) = preSolution
		HideSolutionNode = FALSE
	EndGlobalSection
	GlobalSection(ExtensibilityGlobals) = postSolution
		SolutionGuid = {81536DE0-1887-443C-8AAD-A0C2654F5129}
	EndGlobalSection
EndGlobal
