
Microsoft Visual Studio Solution File, Format Version 12.00
# Visual Studio Version 17
VisualStudioVersion = 17.9.34902.65
MinimumVisualStudioVersion = 10.0.40219.1
Project("{FAE04EC0-301F-11D3-BF4B-00C04F79EFBC}") = "Mid1_Task1", "Mid1_Task1\Mid1_Task1.csproj", "{3F58FEA0-4393-4F3D-86D8-1D0E3E7ED554}"
EndProject
Global
	GlobalSection(SolutionConfigurationPlatforms) = preSolution
		Debug|Any CPU = Debug|Any CPU
		Release|Any CPU = Release|Any CPU
	EndGlobalSection
	GlobalSection(ProjectConfigurationPlatforms) = postSolution
		{3F58FEA0-4393-4F3D-86D8-1D0E3E7ED554}.Debug|Any CPU.ActiveCfg = Debug|Any CPU
		{3F58FEA0-4393-4F3D-86D8-1D0E3E7ED554}.Debug|Any CPU.Build.0 = Debug|Any CPU
		{3F58FEA0-4393-4F3D-86D8-1D0E3E7ED554}.Release|Any CPU.ActiveCfg = Release|Any CPU
		{3F58FEA0-4393-4F3D-86D8-1D0E3E7ED554}.Release|Any CPU.Build.0 = Release|Any CPU
	EndGlobalSection
	GlobalSection(SolutionProperties) = preSolution
		HideSolutionNode = FALSE
	EndGlobalSection
	GlobalSection(ExtensibilityGlobals) = postSolution
		SolutionGuid = {DEEC8726-B39D-47D7-8E16-24CDFF1DDEC9}
	EndGlobalSection
EndGlobal
